
Microsoft Visual Studio Solution File, Format Version 12.00
# Visual Studio Version 16
VisualStudioVersion = 16.0.31129.286
MinimumVisualStudioVersion = 10.0.40219.1
Project("{FAE04EC0-301F-11D3-BF4B-00C04F79EFBC}") = "P.Domain", "P.Domain\P.Domain.csproj", "{EA18E622-1D5E-4B13-9C43-9C9E65C46A2C}"
EndProject
Project("{FAE04EC0-301F-11D3-BF4B-00C04F79EFBC}") = "P.DataAccess", "P.DataAccess\P.DataAccess.csproj", "{4CCB3728-F1DB-4451-84B6-D9E2B0769821}"
EndProject
Project("{FAE04EC0-301F-11D3-BF4B-00C04F79EFBC}") = "WebApplication1", "WebApplication1\WebApplication1.csproj", "{0A3787D1-D877-4F5F-B3C8-477145B96658}"
EndProject
Global
	GlobalSection(SolutionConfigurationPlatforms) = preSolution
		Debug|Any CPU = Debug|Any CPU
		Release|Any CPU = Release|Any CPU
	EndGlobalSection
	GlobalSection(ProjectConfigurationPlatforms) = postSolution
		{EA18E622-1D5E-4B13-9C43-9C9E65C46A2C}.Debug|Any CPU.ActiveCfg = Debug|Any CPU
		{EA18E622-1D5E-4B13-9C43-9C9E65C46A2C}.Debug|Any CPU.Build.0 = Debug|Any CPU
		{EA18E622-1D5E-4B13-9C43-9C9E65C46A2C}.Release|Any CPU.ActiveCfg = Release|Any CPU
		{EA18E622-1D5E-4B13-9C43-9C9E65C46A2C}.Release|Any CPU.Build.0 = Release|Any CPU
		{4CCB3728-F1DB-4451-84B6-D9E2B0769821}.Debug|Any CPU.ActiveCfg = Debug|Any CPU
		{4CCB3728-F1DB-4451-84B6-D9E2B0769821}.Debug|Any CPU.Build.0 = Debug|Any CPU
		{4CCB3728-F1DB-4451-84B6-D9E2B0769821}.Release|Any CPU.ActiveCfg = Release|Any CPU
		{4CCB3728-F1DB-4451-84B6-D9E2B0769821}.Release|Any CPU.Build.0 = Release|Any CPU
		{0A3787D1-D877-4F5F-B3C8-477145B96658}.Debug|Any CPU.ActiveCfg = Debug|Any CPU
		{0A3787D1-D877-4F5F-B3C8-477145B96658}.Debug|Any CPU.Build.0 = Debug|Any CPU
		{0A3787D1-D877-4F5F-B3C8-477145B96658}.Release|Any CPU.ActiveCfg = Release|Any CPU
		{0A3787D1-D877-4F5F-B3C8-477145B96658}.Release|Any CPU.Build.0 = Release|Any CPU
	EndGlobalSection
	GlobalSection(SolutionProperties) = preSolution
		HideSolutionNode = FALSE
	EndGlobalSection
	GlobalSection(ExtensibilityGlobals) = postSolution
		SolutionGuid = {402D9193-E286-495F-B1FD-11FCD86F1023}
	EndGlobalSection
EndGlobal
